
Microsoft Visual Studio Solution File, Format Version 12.00
# Visual Studio 2013
VisualStudioVersion = 12.0.30501.0
MinimumVisualStudioVersion = 10.0.40219.1
Project("{FAE04EC0-301F-11D3-BF4B-00C04F79EFBC}") = "ServiceLibrary", "ServiceLibrary\ServiceLibrary.csproj", "{422C035B-09F5-464F-A1BE-52D9CD1B8F65}"
EndProject
Project("{FAE04EC0-301F-11D3-BF4B-00C04F79EFBC}") = "WindowsService", "WindowsService\WindowsService.csproj", "{9D83B272-4565-4EF0-831D-365C7B64BB81}"
EndProject
Project("{FAE04EC0-301F-11D3-BF4B-00C04F79EFBC}") = "ServiceLibrary.UnitTests", "ServiceLibrary.UnitTests\ServiceLibrary.UnitTests.csproj", "{D0E457CB-EFA5-474E-824F-CAE8B8A934BA}"
EndProject
Global
	GlobalSection(SolutionConfigurationPlatforms) = preSolution
		Debug|Any CPU = Debug|Any CPU
		Release|Any CPU = Release|Any CPU
	EndGlobalSection
	GlobalSection(ProjectConfigurationPlatforms) = postSolution
		{422C035B-09F5-464F-A1BE-52D9CD1B8F65}.Debug|Any CPU.ActiveCfg = Debug|Any CPU
		{422C035B-09F5-464F-A1BE-52D9CD1B8F65}.Debug|Any CPU.Build.0 = Debug|Any CPU
		{422C035B-09F5-464F-A1BE-52D9CD1B8F65}.Release|Any CPU.ActiveCfg = Release|Any CPU
		{422C035B-09F5-464F-A1BE-52D9CD1B8F65}.Release|Any CPU.Build.0 = Release|Any CPU
		{9D83B272-4565-4EF0-831D-365C7B64BB81}.Debug|Any CPU.ActiveCfg = Debug|Any CPU
		{9D83B272-4565-4EF0-831D-365C7B64BB81}.Debug|Any CPU.Build.0 = Debug|Any CPU
		{9D83B272-4565-4EF0-831D-365C7B64BB81}.Release|Any CPU.ActiveCfg = Release|Any CPU
		{9D83B272-4565-4EF0-831D-365C7B64BB81}.Release|Any CPU.Build.0 = Release|Any CPU
		{D0E457CB-EFA5-474E-824F-CAE8B8A934BA}.Debug|Any CPU.ActiveCfg = Debug|Any CPU
		{D0E457CB-EFA5-474E-824F-CAE8B8A934BA}.Debug|Any CPU.Build.0 = Debug|Any CPU
		{D0E457CB-EFA5-474E-824F-CAE8B8A934BA}.Release|Any CPU.ActiveCfg = Release|Any CPU
		{D0E457CB-EFA5-474E-824F-CAE8B8A934BA}.Release|Any CPU.Build.0 = Release|Any CPU
	EndGlobalSection
	GlobalSection(SolutionProperties) = preSolution
		HideSolutionNode = FALSE
	EndGlobalSection
EndGlobal
